
Microsoft Visual Studio Solution File, Format Version 12.00
# Visual Studio Version 16
VisualStudioVersion = 16.0.31005.135
MinimumVisualStudioVersion = 10.0.40219.1
Project("{9A19103F-16F7-4668-BE54-9A1E7A4F7556}") = "RP_PELICULAS", "RP_PELICULAS\RP_PELICULAS.csproj", "{34E257C8-92DD-493D-A5B8-910EEBB9196A}"
EndProject
Global
	GlobalSection(SolutionConfigurationPlatforms) = preSolution
		Debug|Any CPU = Debug|Any CPU
		Release|Any CPU = Release|Any CPU
	EndGlobalSection
	GlobalSection(ProjectConfigurationPlatforms) = postSolution
		{34E257C8-92DD-493D-A5B8-910EEBB9196A}.Debug|Any CPU.ActiveCfg = Debug|Any CPU
		{34E257C8-92DD-493D-A5B8-910EEBB9196A}.Debug|Any CPU.Build.0 = Debug|Any CPU
		{34E257C8-92DD-493D-A5B8-910EEBB9196A}.Release|Any CPU.ActiveCfg = Release|Any CPU
		{34E257C8-92DD-493D-A5B8-910EEBB9196A}.Release|Any CPU.Build.0 = Release|Any CPU
	EndGlobalSection
	GlobalSection(SolutionProperties) = preSolution
		HideSolutionNode = FALSE
	EndGlobalSection
	GlobalSection(ExtensibilityGlobals) = postSolution
		SolutionGuid = {5D2F33A0-4CD2-4613-AF7B-5F4DAC5685F2}
	EndGlobalSection
EndGlobal
